
Microsoft Visual Studio Solution File, Format Version 12.00
# Visual Studio Version 17
VisualStudioVersion = 17.0.31903.59
MinimumVisualStudioVersion = 10.0.40219.1
Project("{2150E333-8FDC-42A3-9474-1A3956D46DE8}") = "src", "src", "{E087863B-2993-4ADE-B8C0-69D0B3DA5268}"
EndProject
Project("{F2A71F9B-5D33-465A-A702-920D77279786}") = "Bot", "src\Bot\Bot.fsproj", "{AA57E4CF-CC87-4762-A3A5-09CC79B6E45C}"
EndProject
Project("{2150E333-8FDC-42A3-9474-1A3956D46DE8}") = "Lib", "Lib", "{36748C9E-55B6-46A3-94AF-8B5AA7FE8B03}"
EndProject
Project("{F2A71F9B-5D33-465A-A702-920D77279786}") = "IAMReference", "src\Lib\IAMReference\IAMReference.fsproj", "{4254DD09-7736-4073-85C4-64CBED8DAE94}"
EndProject
Global
	GlobalSection(SolutionConfigurationPlatforms) = preSolution
		Debug|Any CPU = Debug|Any CPU
		Release|Any CPU = Release|Any CPU
	EndGlobalSection
	GlobalSection(SolutionProperties) = preSolution
		HideSolutionNode = FALSE
	EndGlobalSection
	GlobalSection(ProjectConfigurationPlatforms) = postSolution
		{AA57E4CF-CC87-4762-A3A5-09CC79B6E45C}.Debug|Any CPU.ActiveCfg = Debug|Any CPU
		{AA57E4CF-CC87-4762-A3A5-09CC79B6E45C}.Debug|Any CPU.Build.0 = Debug|Any CPU
		{AA57E4CF-CC87-4762-A3A5-09CC79B6E45C}.Release|Any CPU.ActiveCfg = Release|Any CPU
		{AA57E4CF-CC87-4762-A3A5-09CC79B6E45C}.Release|Any CPU.Build.0 = Release|Any CPU
		{4254DD09-7736-4073-85C4-64CBED8DAE94}.Debug|Any CPU.ActiveCfg = Debug|Any CPU
		{4254DD09-7736-4073-85C4-64CBED8DAE94}.Debug|Any CPU.Build.0 = Debug|Any CPU
		{4254DD09-7736-4073-85C4-64CBED8DAE94}.Release|Any CPU.ActiveCfg = Release|Any CPU
		{4254DD09-7736-4073-85C4-64CBED8DAE94}.Release|Any CPU.Build.0 = Release|Any CPU
	EndGlobalSection
	GlobalSection(NestedProjects) = preSolution
		{AA57E4CF-CC87-4762-A3A5-09CC79B6E45C} = {E087863B-2993-4ADE-B8C0-69D0B3DA5268}
		{36748C9E-55B6-46A3-94AF-8B5AA7FE8B03} = {E087863B-2993-4ADE-B8C0-69D0B3DA5268}
		{4254DD09-7736-4073-85C4-64CBED8DAE94} = {36748C9E-55B6-46A3-94AF-8B5AA7FE8B03}
	EndGlobalSection
EndGlobal
